// !$*UTF8*$!
{
	archiveVersion = 1;
	classes = {
	};
	objectVersion = 56;
	objects = {

/* Begin PBXBuildFile section */
		663E77272B71ED18008CD700 /* LocationFetcher.swift in Sources */ = {isa = PBXBuildFile; fileRef = 663E77262B71ED18008CD700 /* LocationFetcher.swift */; };
		668B097A2B5E3A9D00EE7A3A /* ECardApp.swift in Sources */ = {isa = PBXBuildFile; fileRef = 668B09792B5E3A9D00EE7A3A /* ECardApp.swift */; };
		668B097C2B5E3A9D00EE7A3A /* ContentView.swift in Sources */ = {isa = PBXBuildFile; fileRef = 668B097B2B5E3A9D00EE7A3A /* ContentView.swift */; };
		668B097E2B5E3A9E00EE7A3A /* Assets.xcassets in Resources */ = {isa = PBXBuildFile; fileRef = 668B097D2B5E3A9E00EE7A3A /* Assets.xcassets */; };
		668B09812B5E3A9E00EE7A3A /* Preview Assets.xcassets in Resources */ = {isa = PBXBuildFile; fileRef = 668B09802B5E3A9E00EE7A3A /* Preview Assets.xcassets */; };
		668B09882B5E3ADA00EE7A3A /* Card.swift in Sources */ = {isa = PBXBuildFile; fileRef = 668B09872B5E3ADA00EE7A3A /* Card.swift */; };
		668B098A2B5E3FE200EE7A3A /* CardDetailView.swift in Sources */ = {isa = PBXBuildFile; fileRef = 668B09892B5E3FE200EE7A3A /* CardDetailView.swift */; };
		668B098E2B5E4CC900EE7A3A /* AddCardView.swift in Sources */ = {isa = PBXBuildFile; fileRef = 668B098D2B5E4CC900EE7A3A /* AddCardView.swift */; };
/* End PBXBuildFile section */

/* Begin PBXFileReference section */
		663E77262B71ED18008CD700 /* LocationFetcher.swift */ = {isa = PBXFileReference; lastKnownFileType = sourcecode.swift; path = LocationFetcher.swift; sourceTree = "<group>"; };
		668B09762B5E3A9D00EE7A3A /* ECard.app */ = {isa = PBXFileReference; explicitFileType = wrapper.application; includeInIndex = 0; path = ECard.app; sourceTree = BUILT_PRODUCTS_DIR; };
		668B09792B5E3A9D00EE7A3A /* ECardApp.swift */ = {isa = PBXFileReference; lastKnownFileType = sourcecode.swift; path = ECardApp.swift; sourceTree = "<group>"; };
		668B097B2B5E3A9D00EE7A3A /* ContentView.swift */ = {isa = PBXFileReference; lastKnownFileType = sourcecode.swift; path = ContentView.swift; sourceTree = "<group>"; };
		668B097D2B5E3A9E00EE7A3A /* Assets.xcassets */ = {isa = PBXFileReference; lastKnownFileType = folder.assetcatalog; path = Assets.xcassets; sourceTree = "<group>"; };
		668B09802B5E3A9E00EE7A3A /* Preview Assets.xcassets */ = {isa = PBXFileReference; lastKnownFileType = folder.assetcatalog; path = "Preview Assets.xcassets"; sourceTree = "<group>"; };
		668B09872B5E3ADA00EE7A3A /* Card.swift */ = {isa = PBXFileReference; lastKnownFileType = sourcecode.swift; path = Card.swift; sourceTree = "<group>"; };
		668B09892B5E3FE200EE7A3A /* CardDetailView.swift */ = {isa = PBXFileReference; lastKnownFileType = sourcecode.swift; path = CardDetailView.swift; sourceTree = "<group>"; };
		668B098D2B5E4CC900EE7A3A /* AddCardView.swift */ = {isa = PBXFileReference; lastKnownFileType = sourcecode.swift; path = AddCardView.swift; sourceTree = "<group>"; };
/* End PBXFileReference section */

/* Begin PBXFrameworksBuildPhase section */
		668B09732B5E3A9D00EE7A3A /* Frameworks */ = {
			isa = PBXFrameworksBuildPhase;
			buildActionMask = 2147483647;
			files = (
			);
			runOnlyForDeploymentPostprocessing = 0;
		};
/* End PBXFrameworksBuildPhase section */

/* Begin PBXGroup section */
		668B096D2B5E3A9D00EE7A3A = {
			isa = PBXGroup;
			children = (
				668B09782B5E3A9D00EE7A3A /* ECard */,
				668B09772B5E3A9D00EE7A3A /* Products */,
			);
			sourceTree = "<group>";
		};
		668B09772B5E3A9D00EE7A3A /* Products */ = {
			isa = PBXGroup;
			children = (
				668B09762B5E3A9D00EE7A3A /* ECard.app */,
			);
			name = Products;
			sourceTree = "<group>";
		};
		668B09782B5E3A9D00EE7A3A /* ECard */ = {
			isa = PBXGroup;
			children = (
				668B09792B5E3A9D00EE7A3A /* ECardApp.swift */,
				668B097B2B5E3A9D00EE7A3A /* ContentView.swift */,
				668B098D2B5E4CC900EE7A3A /* AddCardView.swift */,
				668B09892B5E3FE200EE7A3A /* CardDetailView.swift */,
				663E77262B71ED18008CD700 /* LocationFetcher.swift */,
				668B09872B5E3ADA00EE7A3A /* Card.swift */,
				668B097D2B5E3A9E00EE7A3A /* Assets.xcassets */,
				668B097F2B5E3A9E00EE7A3A /* Preview Content */,
			);
			path = ECard;
			sourceTree = "<group>";
		};
		668B097F2B5E3A9E00EE7A3A /* Preview Content */ = {
			isa = PBXGroup;
			children = (
				668B09802B5E3A9E00EE7A3A /* Preview Assets.xcassets */,
			);
			path = "Preview Content";
			sourceTree = "<group>";
		};
/* End PBXGroup section */

/* Begin PBXNativeTarget section */
		668B09752B5E3A9D00EE7A3A /* ECard */ = {
			isa = PBXNativeTarget;
			buildConfigurationList = 668B09842B5E3A9E00EE7A3A /* Build configuration list for PBXNativeTarget "ECard" */;
			buildPhases = (
				668B09722B5E3A9D00EE7A3A /* Sources */,
				668B09732B5E3A9D00EE7A3A /* Frameworks */,
				668B09742B5E3A9D00EE7A3A /* Resources */,
			);
			buildRules = (
			);
			dependencies = (
			);
			name = ECard;
			productName = ECard;
			productReference = 668B09762B5E3A9D00EE7A3A /* ECard.app */;
			productType = "com.apple.product-type.application";
		};
/* End PBXNativeTarget section */

/* Begin PBXProject section */
		668B096E2B5E3A9D00EE7A3A /* Project object */ = {
			isa = PBXProject;
			attributes = {
				BuildIndependentTargetsInParallel = 1;
				LastSwiftUpdateCheck = 1500;
				LastUpgradeCheck = 1500;
				TargetAttributes = {
					668B09752B5E3A9D00EE7A3A = {
						CreatedOnToolsVersion = 15.0.1;
					};
				};
			};
			buildConfigurationList = 668B09712B5E3A9D00EE7A3A /* Build configuration list for PBXProject "ECard" */;
			compatibilityVersion = "Xcode 14.0";
			developmentRegion = en;
			hasScannedForEncodings = 0;
			knownRegions = (
				en,
				Base,
			);
			mainGroup = 668B096D2B5E3A9D00EE7A3A;
			productRefGroup = 668B09772B5E3A9D00EE7A3A /* Products */;
			projectDirPath = "";
			projectRoot = "";
			targets = (
				668B09752B5E3A9D00EE7A3A /* ECard */,
			);
		};
/* End PBXProject section */

/* Begin PBXResourcesBuildPhase section */
		668B09742B5E3A9D00EE7A3A /* Resources */ = {
			isa = PBXResourcesBuildPhase;
			buildActionMask = 2147483647;
			files = (
				668B09812B5E3A9E00EE7A3A /* Preview Assets.xcassets in Resources */,
				668B097E2B5E3A9E00EE7A3A /* Assets.xcassets in Resources */,
			);
			runOnlyForDeploymentPostprocessing = 0;
		};
/* End PBXResourcesBuildPhase section */

/* Begin PBXSourcesBuildPhase section */
		668B09722B5E3A9D00EE7A3A /* Sources */ = {
			isa = PBXSourcesBuildPhase;
			buildActionMask = 2147483647;
			files = (
				668B097C2B5E3A9D00EE7A3A /* ContentView.swift in Sources */,
				668B09882B5E3ADA00EE7A3A /* Card.swift in Sources */,
				663E77272B71ED18008CD700 /* LocationFetcher.swift in Sources */,
				668B097A2B5E3A9D00EE7A3A /* ECardApp.swift in Sources */,
				668B098A2B5E3FE200EE7A3A /* CardDetailView.swift in Sources */,
				668B098E2B5E4CC900EE7A3A /* AddCardView.swift in Sources */,
			);
			runOnlyForDeploymentPostprocessing = 0;
		};
/* End PBXSourcesBuildPhase section */

/* Begin XCBuildConfiguration section */
		668B09822B5E3A9E00EE7A3A /* Debug */ = {
			isa = XCBuildConfiguration;
			buildSettings = {
				ALWAYS_SEARCH_USER_PATHS = NO;
				ASSETCATALOG_COMPILER_GENERATE_SWIFT_ASSET_SYMBOL_EXTENSIONS = YES;
				CLANG_ANALYZER_NONNULL = YES;
				CLANG_ANALYZER_NUMBER_OBJECT_CONVERSION = YES_AGGRESSIVE;
				CLANG_CXX_LANGUAGE_STANDARD = "gnu++20";
				CLANG_ENABLE_MODULES = YES;
				CLANG_ENABLE_OBJC_ARC = YES;
				CLANG_ENABLE_OBJC_WEAK = YES;
				CLANG_WARN_BLOCK_CAPTURE_AUTORELEASING = YES;
				CLANG_WARN_BOOL_CONVERSION = YES;
				CLANG_WARN_COMMA = YES;
				CLANG_WARN_CONSTANT_CONVERSION = YES;
				CLANG_WARN_DEPRECATED_OBJC_IMPLEMENTATIONS = YES;
				CLANG_WARN_DIRECT_OBJC_ISA_USAGE = YES_ERROR;
				CLANG_WARN_DOCUMENTATION_COMMENTS = YES;
				CLANG_WARN_EMPTY_BODY = YES;
				CLANG_WARN_ENUM_CONVERSION = YES;
				CLANG_WARN_INFINITE_RECURSION = YES;
				CLANG_WARN_INT_CONVERSION = YES;
				CLANG_WARN_NON_LITERAL_NULL_CONVERSION = YES;
				CLANG_WARN_OBJC_IMPLICIT_RETAIN_SELF = YES;
				CLANG_WARN_OBJC_LITERAL_CONVERSION = YES;
				CLANG_WARN_OBJC_ROOT_CLASS = YES_ERROR;
				CLANG_WARN_QUOTED_INCLUDE_IN_FRAMEWORK_HEADER = YES;
				CLANG_WARN_RANGE_LOOP_ANALYSIS = YES;
				CLANG_WARN_STRICT_PROTOTYPES = YES;
				CLANG_WARN_SUSPICIOUS_MOVE = YES;
				CLANG_WARN_UNGUARDED_AVAILABILITY = YES_AGGRESSIVE;
				CLANG_WARN_UNREACHABLE_CODE = YES;
				CLANG_WARN__DUPLICATE_METHOD_MATCH = YES;
				COPY_PHASE_STRIP = NO;
				DEBUG_INFORMATION_FORMAT = dwarf;
				ENABLE_STRICT_OBJC_MSGSEND = YES;
				ENABLE_TESTABILITY = YES;
				ENABLE_USER_SCRIPT_SANDBOXING = YES;
				GCC_C_LANGUAGE_STANDARD = gnu17;
				GCC_DYNAMIC_NO_PIC = NO;
				GCC_NO_COMMON_BLOCKS = YES;
				GCC_OPTIMIZATION_LEVEL = 0;
				GCC_PREPROCESSOR_DEFINITIONS = (
					"DEBUG=1",
					"$(inherited)",
				);
				GCC_WARN_64_TO_32_BIT_CONVERSION = YES;
				GCC_WARN_ABOUT_RETURN_TYPE = YES_ERROR;
				GCC_WARN_UNDECLARED_SELECTOR = YES;
				GCC_WARN_UNINITIALIZED_AUTOS = YES_AGGRESSIVE;
				GCC_WARN_UNUSED_FUNCTION = YES;
				GCC_WARN_UNUSED_VARIABLE = YES;
				IPHONEOS_DEPLOYMENT_TARGET = 17.0;
				LOCALIZATION_PREFERS_STRING_CATALOGS = YES;
				MTL_ENABLE_DEBUG_INFO = INCLUDE_SOURCE;
				MTL_FAST_MATH = YES;
				ONLY_ACTIVE_ARCH = YES;
				SDKROOT = iphoneos;
				SWIFT_ACTIVE_COMPILATION_CONDITIONS = "DEBUG $(inherited)";
				SWIFT_OPTIMIZATION_LEVEL = "-Onone";
			};
			name = Debug;
		};
		668B09832B5E3A9E00EE7A3A /* Release */ = {
			isa = XCBuildConfiguration;
			buildSettings = {
				ALWAYS_SEARCH_USER_PATHS = NO;
				ASSETCATALOG_COMPILER_GENERATE_SWIFT_ASSET_SYMBOL_EXTENSIONS = YES;
				CLANG_ANALYZER_NONNULL = YES;
				CLANG_ANALYZER_NUMBER_OBJECT_CONVERSION = YES_AGGRESSIVE;
				CLANG_CXX_LANGUAGE_STANDARD = "gnu++20";
				CLANG_ENABLE_MODULES = YES;
				CLANG_ENABLE_OBJC_ARC = YES;
				CLANG_ENABLE_OBJC_WEAK = YES;
				CLANG_WARN_BLOCK_CAPTURE_AUTORELEASING = YES;
				CLANG_WARN_BOOL_CONVERSION = YES;
				CLANG_WARN_COMMA = YES;
				CLANG_WARN_CONSTANT_CONVERSION = YES;
				CLANG_WARN_DEPRECATED_OBJC_IMPLEMENTATIONS = YES;
				CLANG_WARN_DIRECT_OBJC_ISA_USAGE = YES_ERROR;
				CLANG_WARN_DOCUMENTATION_COMMENTS = YES;
				CLANG_WARN_EMPTY_BODY = YES;
				CLANG_WARN_ENUM_CONVERSION = YES;
				CLANG_WARN_INFINITE_RECURSION = YES;
				CLANG_WARN_INT_CONVERSION = YES;
				CLANG_WARN_NON_LITERAL_NULL_CONVERSION = YES;
				CLANG_WARN_OBJC_IMPLICIT_RETAIN_SELF = YES;
				CLANG_WARN_OBJC_LITERAL_CONVERSION = YES;
				CLANG_WARN_OBJC_ROOT_CLASS = YES_ERROR;
				CLANG_WARN_QUOTED_INCLUDE_IN_FRAMEWORK_HEADER = YES;
				CLANG_WARN_RANGE_LOOP_ANALYSIS = YES;
				CLANG_WARN_STRICT_PROTOTYPES = YES;
				CLANG_WARN_SUSPICIOUS_MOVE = YES;
				CLANG_WARN_UNGUARDED_AVAILABILITY = YES_AGGRESSIVE;
				CLANG_WARN_UNREACHABLE_CODE = YES;
				CLANG_WARN__DUPLICATE_METHOD_MATCH = YES;
				COPY_PHASE_STRIP = NO;
				DEBUG_INFORMATION_FORMAT = "dwarf-with-dsym";
				ENABLE_NS_ASSERTIONS = NO;
				ENABLE_STRICT_OBJC_MSGSEND = YES;
				ENABLE_USER_SCRIPT_SANDBOXING = YES;
				GCC_C_LANGUAGE_STANDARD = gnu17;
				GCC_NO_COMMON_BLOCKS = YES;
				GCC_WARN_64_TO_32_BIT_CONVERSION = YES;
				GCC_WARN_ABOUT_RETURN_TYPE = YES_ERROR;
				GCC_WARN_UNDECLARED_SELECTOR = YES;
				GCC_WARN_UNINITIALIZED_AUTOS = YES_AGGRESSIVE;
				GCC_WARN_UNUSED_FUNCTION = YES;
				GCC_WARN_UNUSED_VARIABLE = YES;
				IPHONEOS_DEPLOYMENT_TARGET = 17.0;
				LOCALIZATION_PREFERS_STRING_CATALOGS = YES;
				MTL_ENABLE_DEBUG_INFO = NO;
				MTL_FAST_MATH = YES;
				SDKROOT = iphoneos;
				SWIFT_COMPILATION_MODE = wholemodule;
				VALIDATE_PRODUCT = YES;
			};
			name = Release;
		};
		668B09852B5E3A9E00EE7A3A /* Debug */ = {
			isa = XCBuildConfiguration;
			buildSettings = {
				ASSETCATALOG_COMPILER_APPICON_NAME = AppIcon;
				ASSETCATALOG_COMPILER_GLOBAL_ACCENT_COLOR_NAME = AccentColor;
				CODE_SIGN_STYLE = Automatic;
				CURRENT_PROJECT_VERSION = 1;
				DEVELOPMENT_ASSET_PATHS = "\"ECard/Preview Content\"";
				DEVELOPMENT_TEAM = UG4HTTW7YD;
				ENABLE_PREVIEWS = YES;
				GENERATE_INFOPLIST_FILE = YES;
				INFOPLIST_KEY_NSLocationWhenInUseUsageDescription = "The app needs your permission to show the location when new ecards are added";
				INFOPLIST_KEY_UIApplicationSceneManifest_Generation = YES;
				INFOPLIST_KEY_UIApplicationSupportsIndirectInputEvents = YES;
				INFOPLIST_KEY_UILaunchScreen_Generation = YES;
				INFOPLIST_KEY_UISupportedInterfaceOrientations_iPad = "UIInterfaceOrientationPortrait UIInterfaceOrientationPortraitUpsideDown UIInterfaceOrientationLandscapeLeft UIInterfaceOrientationLandscapeRight";
				INFOPLIST_KEY_UISupportedInterfaceOrientations_iPhone = "UIInterfaceOrientationPortrait UIInterfaceOrientationLandscapeLeft UIInterfaceOrientationLandscapeRight";
				LD_RUNPATH_SEARCH_PATHS = (
					"$(inherited)",
					"@executable_path/Frameworks",
				);
				MARKETING_VERSION = 1.0;
				PRODUCT_BUNDLE_IDENTIFIER = com.beethedev.ECard;
				PRODUCT_NAME = "$(TARGET_NAME)";
				SWIFT_EMIT_LOC_STRINGS = YES;
				SWIFT_VERSION = 5.0;
				TARGETED_DEVICE_FAMILY = "1,2";
			};
			name = Debug;
		};
		668B09862B5E3A9E00EE7A3A /* Release */ = {
			isa = XCBuildConfiguration;
			buildSettings = {
				ASSETCATALOG_COMPILER_APPICON_NAME = AppIcon;
				ASSETCATALOG_COMPILER_GLOBAL_ACCENT_COLOR_NAME = AccentColor;
				CODE_SIGN_STYLE = Automatic;
				CURRENT_PROJECT_VERSION = 1;
				DEVELOPMENT_ASSET_PATHS = "\"ECard/Preview Content\"";
				DEVELOPMENT_TEAM = UG4HTTW7YD;
				ENABLE_PREVIEWS = YES;
				GENERATE_INFOPLIST_FILE = YES;
				INFOPLIST_KEY_NSLocationWhenInUseUsageDescription = "The app needs your permission to show the location when new ecards are added";
				INFOPLIST_KEY_UIApplicationSceneManifest_Generation = YES;
				INFOPLIST_KEY_UIApplicationSupportsIndirectInputEvents = YES;
				INFOPLIST_KEY_UILaunchScreen_Generation = YES;
				INFOPLIST_KEY_UISupportedInterfaceOrientations_iPad = "UIInterfaceOrientationPortrait UIInterfaceOrientationPortraitUpsideDown UIInterfaceOrientationLandscapeLeft UIInterfaceOrientationLandscapeRight";
				INFOPLIST_KEY_UISupportedInterfaceOrientations_iPhone = "UIInterfaceOrientationPortrait UIInterfaceOrientationLandscapeLeft UIInterfaceOrientationLandscapeRight";
				LD_RUNPATH_SEARCH_PATHS = (
					"$(inherited)",
					"@executable_path/Frameworks",
				);
				MARKETING_VERSION = 1.0;
				PRODUCT_BUNDLE_IDENTIFIER = com.beethedev.ECard;
				PRODUCT_NAME = "$(TARGET_NAME)";
				SWIFT_EMIT_LOC_STRINGS = YES;
				SWIFT_VERSION = 5.0;
				TARGETED_DEVICE_FAMILY = "1,2";
			};
			name = Release;
		};
/* End XCBuildConfiguration section */

/* Begin XCConfigurationList section */
		668B09712B5E3A9D00EE7A3A /* Build configuration list for PBXProject "ECard" */ = {
			isa = XCConfigurationList;
			buildConfigurations = (
				668B09822B5E3A9E00EE7A3A /* Debug */,
				668B09832B5E3A9E00EE7A3A /* Release */,
			);
			defaultConfigurationIsVisible = 0;
			defaultConfigurationName = Release;
		};
		668B09842B5E3A9E00EE7A3A /* Build configuration list for PBXNativeTarget "ECard" */ = {
			isa = XCConfigurationList;
			buildConfigurations = (
				668B09852B5E3A9E00EE7A3A /* Debug */,
				668B09862B5E3A9E00EE7A3A /* Release */,
			);
			defaultConfigurationIsVisible = 0;
			defaultConfigurationName = Release;
		};
/* End XCConfigurationList section */
	};
	rootObject = 668B096E2B5E3A9D00EE7A3A /* Project object */;
}
